
Microsoft Visual Studio Solution File, Format Version 12.00
# Visual Studio Version 17
VisualStudioVersion = 17.0.31903.59
MinimumVisualStudioVersion = 10.0.40219.1
Project("{2150E333-8FDC-42A3-9474-1A3956D46DE8}") = "src", "src", "{B67B3E9E-B2B1-46BB-9146-76CD756EE1FA}"
EndProject
Project("{2150E333-8FDC-42A3-9474-1A3956D46DE8}") = "demo", "demo", "{98433005-A5D0-47FC-A99A-D84AF63ED571}"
EndProject
Project("{9A19103F-16F7-4668-BE54-9A1E7A4F7556}") = "SourceGenerated", "demo\SourceGenerated\SourceGenerated.csproj", "{DBBA19C9-0BD8-412E-A862-49B27C6412B0}"
EndProject
Project("{9A19103F-16F7-4668-BE54-9A1E7A4F7556}") = "Cscg.Constants", "src\Cscg.Constants\Cscg.Constants.csproj", "{B0B44627-D605-415B-BD2E-B8A4557CB31F}"
EndProject
Project("{9A19103F-16F7-4668-BE54-9A1E7A4F7556}") = "Cscg.Core", "src\Cscg.Core\Cscg.Core.csproj", "{16F27DA3-706E-4AB9-A70A-F179905D7CE2}"
EndProject
Project("{2150E333-8FDC-42A3-9474-1A3956D46DE8}") = "test", "test", "{C2395668-44F5-479C-A107-349C2C1CDA90}"
EndProject
Project("{9A19103F-16F7-4668-BE54-9A1E7A4F7556}") = "Cscg.Tests", "test\Cscg.Tests\Cscg.Tests.csproj", "{9CC5B8C3-83D0-4B43-AB6C-EB4E67B4A380}"
EndProject
Project("{9A19103F-16F7-4668-BE54-9A1E7A4F7556}") = "Cscg.Compactor", "src\Cscg.Compactor\Cscg.Compactor.csproj", "{2AFC8C0C-2CE1-4DE1-8356-4BDB448D1647}"
EndProject
Project("{2150E333-8FDC-42A3-9474-1A3956D46DE8}") = "run", "run", "{62304984-DBEB-4EFE-BC57-98C5F178AD86}"
EndProject
Project("{FAE04EC0-301F-11D3-BF4B-00C04F79EFBC}") = "Cscg.Compactor.Lib", "run\Cscg.Compactor.Lib\Cscg.Compactor.Lib.csproj", "{A3ED888C-7B05-4049-A6EF-832116FFBC95}"
EndProject
Project("{FAE04EC0-301F-11D3-BF4B-00C04F79EFBC}") = "Cscg.TOML", "src\Cscg.TOML\Cscg.TOML.csproj", "{23E26820-2913-47F7-8EEE-3A9AFB47A02C}"
EndProject
Global
	GlobalSection(SolutionConfigurationPlatforms) = preSolution
		Debug|Any CPU = Debug|Any CPU
		Release|Any CPU = Release|Any CPU
	EndGlobalSection
	GlobalSection(ProjectConfigurationPlatforms) = postSolution
		{DBBA19C9-0BD8-412E-A862-49B27C6412B0}.Debug|Any CPU.ActiveCfg = Debug|Any CPU
		{DBBA19C9-0BD8-412E-A862-49B27C6412B0}.Debug|Any CPU.Build.0 = Debug|Any CPU
		{DBBA19C9-0BD8-412E-A862-49B27C6412B0}.Release|Any CPU.ActiveCfg = Release|Any CPU
		{DBBA19C9-0BD8-412E-A862-49B27C6412B0}.Release|Any CPU.Build.0 = Release|Any CPU
		{B0B44627-D605-415B-BD2E-B8A4557CB31F}.Debug|Any CPU.ActiveCfg = Debug|Any CPU
		{B0B44627-D605-415B-BD2E-B8A4557CB31F}.Debug|Any CPU.Build.0 = Debug|Any CPU
		{B0B44627-D605-415B-BD2E-B8A4557CB31F}.Release|Any CPU.ActiveCfg = Release|Any CPU
		{B0B44627-D605-415B-BD2E-B8A4557CB31F}.Release|Any CPU.Build.0 = Release|Any CPU
		{16F27DA3-706E-4AB9-A70A-F179905D7CE2}.Debug|Any CPU.ActiveCfg = Debug|Any CPU
		{16F27DA3-706E-4AB9-A70A-F179905D7CE2}.Debug|Any CPU.Build.0 = Debug|Any CPU
		{16F27DA3-706E-4AB9-A70A-F179905D7CE2}.Release|Any CPU.ActiveCfg = Release|Any CPU
		{16F27DA3-706E-4AB9-A70A-F179905D7CE2}.Release|Any CPU.Build.0 = Release|Any CPU
		{9CC5B8C3-83D0-4B43-AB6C-EB4E67B4A380}.Debug|Any CPU.ActiveCfg = Debug|Any CPU
		{9CC5B8C3-83D0-4B43-AB6C-EB4E67B4A380}.Debug|Any CPU.Build.0 = Debug|Any CPU
		{9CC5B8C3-83D0-4B43-AB6C-EB4E67B4A380}.Release|Any CPU.ActiveCfg = Release|Any CPU
		{9CC5B8C3-83D0-4B43-AB6C-EB4E67B4A380}.Release|Any CPU.Build.0 = Release|Any CPU
		{2AFC8C0C-2CE1-4DE1-8356-4BDB448D1647}.Debug|Any CPU.ActiveCfg = Debug|Any CPU
		{2AFC8C0C-2CE1-4DE1-8356-4BDB448D1647}.Debug|Any CPU.Build.0 = Debug|Any CPU
		{2AFC8C0C-2CE1-4DE1-8356-4BDB448D1647}.Release|Any CPU.ActiveCfg = Release|Any CPU
		{2AFC8C0C-2CE1-4DE1-8356-4BDB448D1647}.Release|Any CPU.Build.0 = Release|Any CPU
		{A3ED888C-7B05-4049-A6EF-832116FFBC95}.Debug|Any CPU.ActiveCfg = Debug|Any CPU
		{A3ED888C-7B05-4049-A6EF-832116FFBC95}.Debug|Any CPU.Build.0 = Debug|Any CPU
		{A3ED888C-7B05-4049-A6EF-832116FFBC95}.Release|Any CPU.ActiveCfg = Release|Any CPU
		{A3ED888C-7B05-4049-A6EF-832116FFBC95}.Release|Any CPU.Build.0 = Release|Any CPU
		{23E26820-2913-47F7-8EEE-3A9AFB47A02C}.Debug|Any CPU.ActiveCfg = Debug|Any CPU
		{23E26820-2913-47F7-8EEE-3A9AFB47A02C}.Debug|Any CPU.Build.0 = Debug|Any CPU
		{23E26820-2913-47F7-8EEE-3A9AFB47A02C}.Release|Any CPU.ActiveCfg = Release|Any CPU
		{23E26820-2913-47F7-8EEE-3A9AFB47A02C}.Release|Any CPU.Build.0 = Release|Any CPU
	EndGlobalSection
	GlobalSection(SolutionProperties) = preSolution
		HideSolutionNode = FALSE
	EndGlobalSection
	GlobalSection(NestedProjects) = preSolution
		{DBBA19C9-0BD8-412E-A862-49B27C6412B0} = {98433005-A5D0-47FC-A99A-D84AF63ED571}
		{B0B44627-D605-415B-BD2E-B8A4557CB31F} = {B67B3E9E-B2B1-46BB-9146-76CD756EE1FA}
		{16F27DA3-706E-4AB9-A70A-F179905D7CE2} = {B67B3E9E-B2B1-46BB-9146-76CD756EE1FA}
		{9CC5B8C3-83D0-4B43-AB6C-EB4E67B4A380} = {C2395668-44F5-479C-A107-349C2C1CDA90}
		{2AFC8C0C-2CE1-4DE1-8356-4BDB448D1647} = {B67B3E9E-B2B1-46BB-9146-76CD756EE1FA}
		{A3ED888C-7B05-4049-A6EF-832116FFBC95} = {62304984-DBEB-4EFE-BC57-98C5F178AD86}
		{23E26820-2913-47F7-8EEE-3A9AFB47A02C} = {B67B3E9E-B2B1-46BB-9146-76CD756EE1FA}
	EndGlobalSection
	GlobalSection(ExtensibilityGlobals) = postSolution
		SolutionGuid = {22A1DD8A-E022-4988-8B7F-0E82A875BC46}
	EndGlobalSection
EndGlobal
